# Generated by pub
# See https://dart.dev/tools/pub/glossary#lockfile
packages:
  animator:
    dependency: transitive
    description:
      name: animator
      sha256: "3cb4c885bfa7522544fefed5923aa0385899b33aee4bbdc1a28e686706f965e4"
      url: "https://pub.dev"
    source: hosted
    version: "3.0.0"
  archive:
    dependency: transitive
    description:
      name: archive
      sha256: e739f05a0aed98dda77aeac57000d35fc6ed4650b8b4e32766f044a411d4dae9
      url: "https://pub.dev"
    source: hosted
    version: "3.0.0"
  args:
    dependency: transitive
    description:
      name: args
      sha256: "37a4264b0b7fb930e94c0c47558f3b6c4f4e9cb7e655a3ea373131d79b2dc0cc"
      url: "https://pub.dev"
    source: hosted
    version: "2.0.0"
  asn1lib:
    dependency: transitive
    description:
      name: asn1lib
      sha256: "3fe6429f90bf78422becd2234212148b4911863260eb53c088cd154d39c5b049"
      url: "https://pub.dev"
    source: hosted
    version: "1.0.0"
  async:
    dependency: transitive
    description:
      name: async
      sha256: bfe67ef28df125b7dddcea62755991f807aa39a2492a23e1550161692950bbe0
      url: "https://pub.dev"
    source: hosted
    version: "2.10.0"
  auto_size_text_pk:
    dependency: transitive
    description:
      name: auto_size_text_pk
      sha256: ced55de5336fa7f438c1f5a9aa234e25d7a120c1d40d376a7cdc2af28cdb6995
      url: "https://pub.dev"
    source: hosted
    version: "3.0.0"
  boolean_selector:
    dependency: transitive
    description:
      name: boolean_selector
      sha256: "6cfb5af12253eaf2b368f07bacc5a80d1301a071c73360d746b7f2e32d762c66"
      url: "https://pub.dev"
    source: hosted
    version: "2.1.1"
  characters:
    dependency: transitive
    description:
      name: characters
      sha256: e6a326c8af69605aec75ed6c187d06b349707a27fbff8222ca9cc2cff167975c
      url: "https://pub.dev"
    source: hosted
    version: "1.2.1"
  charcode:
    dependency: transitive
    description:
      name: charcode
      sha256: "8e36feea6de5ea69f2199f29cf42a450a855738c498b57c0b980e2d3cca9c362"
      url: "https://pub.dev"
    source: hosted
    version: "1.2.0"
  clock:
    dependency: transitive
    description:
      name: clock
      sha256: cb6d7f03e1de671e34607e909a7213e31d7752be4fb66a86d29fe1eb14bfb5cf
      url: "https://pub.dev"
    source: hosted
    version: "1.1.1"
  collection:
    dependency: transitive
    description:
      name: collection
      sha256: cfc915e6923fe5ce6e153b0723c753045de46de1b4d63771530504004a45fae0
      url: "https://pub.dev"
    source: hosted
    version: "1.17.0"
  connectivity:
    dependency: "direct main"
    description:
      name: connectivity
      sha256: "867ebb4a5d0d1a186152c1dc8caf348b7e99a8bae4e010fbc7130c811f46a2ac"
      url: "https://pub.dev"
    source: hosted
    version: "3.0.0"
  connectivity_macos:
    dependency: transitive
    description:
      name: connectivity_macos
      sha256: fd3e6808153362782b465f61ba431f35571bf08d2ddee9c48a6cd5818c2753bd
      url: "https://pub.dev"
    source: hosted
    version: "0.2.0"
  connectivity_platform_interface:
    dependency: transitive
    description:
      name: connectivity_platform_interface
      sha256: c4fad9d255bfd15280f7a26d64e696f5a57906772b8003f622a2fd11570fd2a4
      url: "https://pub.dev"
    source: hosted
    version: "2.0.0"
  cross_file:
    dependency: transitive
    description:
      name: cross_file
      sha256: "445db18de832dba8d851e287aff8ccf169bed30d2e94243cb54c7d2f1ed2142c"
      url: "https://pub.dev"
    source: hosted
    version: "0.3.3+6"
  crypto:
    dependency: transitive
    description:
      name: crypto
      sha256: "8be10341257b613566fdc9fd073c46f7c032ed329b1c732bda17aca29f2366c8"
      url: "https://pub.dev"
    source: hosted
    version: "3.0.0"
  crypton:
    dependency: "direct main"
    description:
      name: crypton
      sha256: "74e84561babd3f4732f5fc533c8d8feff1e9d23d3c62b71215c015c41102f8fb"
      url: "https://pub.dev"
    source: hosted
    version: "2.0.1"
  cupertino_icons:
    dependency: "direct main"
    description:
      name: cupertino_icons
      sha256: d57953e10f9f8327ce64a508a355f0b1ec902193f66288e8cb5070e7c47eeb2d
      url: "https://pub.dev"
    source: hosted
    version: "1.0.6"
  date_time_picker:
    dependency: "direct main"
    description:
      name: date_time_picker
      sha256: ec78507c51b68fe18bc12f09f7cabdf8c885a8cf14b1e7bdd00e9fe013cf28f2
      url: "https://pub.dev"
    source: hosted
    version: "2.0.0"
  fake_async:
    dependency: transitive
    description:
      name: fake_async
      sha256: "511392330127add0b769b75a987850d136345d9227c6b94c96a04cf4a391bf78"
      url: "https://pub.dev"
    source: hosted
    version: "1.3.1"
  ffi:
    dependency: transitive
    description:
      name: ffi
      sha256: "35d0f481d939de0d640b3db9a7aa36a52cd22054a798a73b4f50bdad5ce12678"
      url: "https://pub.dev"
    source: hosted
    version: "1.1.2"
  file:
    dependency: transitive
    description:
      name: file
      sha256: "1b92bec4fc2a72f59a8e15af5f52cd441e4a7860b49499d69dfa817af20e925d"
      url: "https://pub.dev"
    source: hosted
    version: "6.1.4"
  file_picker:
    dependency: "direct main"
    description:
      name: file_picker
      sha256: ab69294a909fe7ba3e32a10615e411606a7b58dc685cdcb084f60a28d190cb74
      url: "https://pub.dev"
    source: hosted
    version: "4.2.0"
  flutter:
    dependency: "direct main"
    description: flutter
    source: sdk
    version: "0.0.0"
  flutter_datetime_picker:
    dependency: "direct main"
    description:
      name: flutter_datetime_picker
      sha256: "8e695c63c769350e541951227c2775190ec73ceda774a315b1dc9a99d5facfe5"
      url: "https://pub.dev"
    source: hosted
    version: "1.5.1"
  flutter_icons:
    dependency: "direct main"
    description:
      name: flutter_icons
      sha256: ad1c830f729c71216372d1a8d62c08c6dd792227d9492d5130aea5e391210a9f
      url: "https://pub.dev"
    source: hosted
    version: "1.1.0"
  flutter_image_compress:
    dependency: "direct main"
    description:
      name: flutter_image_compress
      sha256: "8de83154d83b00100e53ea7a9d8e9326a985fc8d3894abf0193eb71f2268a70c"
      url: "https://pub.dev"
    source: hosted
    version: "1.1.0"
  flutter_jailbreak_detection:
    dependency: "direct main"
    description:
      name: flutter_jailbreak_detection
      sha256: "4f272aae3dfa175bf49448eb6b153d6b4103211882f16900246e066cde6326cf"
      url: "https://pub.dev"
    source: hosted
    version: "1.8.0"
  flutter_launcher_icons:
    dependency: "direct dev"
    description:
      name: flutter_launcher_icons
      sha256: "1f7723d73e938ce77436cdde0c2b6c39178e812b82f0c0c15ba79d6125da5358"
      url: "https://pub.dev"
    source: hosted
    version: "0.9.0"
  flutter_pdfview:
    dependency: "direct main"
    description:
      name: flutter_pdfview
      sha256: d819ff9b5497da744edb41f73b2b827adf5214d5f0a68923a60f7fa30d0d3f16
      url: "https://pub.dev"
    source: hosted
    version: "1.2.5"
  flutter_plugin_android_lifecycle:
    dependency: transitive
    description:
      name: flutter_plugin_android_lifecycle
      sha256: aa36b33c721ac6e889adad07e3c87e6a07b33c28d1f2bc22f2561762cd7d2162
      url: "https://pub.dev"
    source: hosted
    version: "2.0.2"
  flutter_secure_storage:
    dependency: "direct main"
    description:
      name: flutter_secure_storage
      sha256: f60815eb0bad798952e7e8cc53b35748e10cd8ced841bc6512cef6854742a41c
      url: "https://pub.dev"
    source: hosted
    version: "4.2.0"
  flutter_test:
    dependency: "direct dev"
    description: flutter
    source: sdk
    version: "0.0.0"
  flutter_web_plugins:
    dependency: transitive
    description: flutter
    source: sdk
    version: "0.0.0"
  geolocator:
    dependency: "direct main"
    description:
      name: geolocator
      sha256: "85bd80050ced6fb1aa2e76aaed43e01d799e3633aa49be9f28d1df7438d2c145"
      url: "https://pub.dev"
    source: hosted
    version: "8.0.3"
  geolocator_android:
    dependency: transitive
    description:
      name: geolocator_android
      sha256: "3fa9215caf1e4463adbdf1f21b07fdcb9bc2af2ef1df3715a52376b87bebb087"
      url: "https://pub.dev"
    source: hosted
    version: "3.2.1"
  geolocator_apple:
    dependency: transitive
    description:
      name: geolocator_apple
      sha256: bc2aca02423ad429cb0556121f56e60360a2b7d694c8570301d06ea0c00732fd
      url: "https://pub.dev"
    source: hosted
    version: "2.3.7"
  geolocator_platform_interface:
    dependency: transitive
    description:
      name: geolocator_platform_interface
      sha256: b8cc1d3be0ca039a3f2174b0b026feab8af3610e220b8532e42cff8ec6658535
      url: "https://pub.dev"
    source: hosted
    version: "4.1.0"
  geolocator_web:
    dependency: transitive
    description:
      name: geolocator_web
      sha256: "102e7da05b48ca6bf0a5bda0010f886b171d1a08059f01bfe02addd0175ebece"
      url: "https://pub.dev"
    source: hosted
    version: "2.2.1"
  google_maps_flutter:
    dependency: "direct main"
    description:
      name: google_maps_flutter
      sha256: "52fd8f09a1ec0fdbde7512b9fe17aa3f836238d708fe6bfdac791179cc5eddbc"
      url: "https://pub.dev"
    source: hosted
    version: "2.0.0"
  google_maps_flutter_platform_interface:
    dependency: transitive
    description:
      name: google_maps_flutter_platform_interface
      sha256: "971b1bd0fe500343caa940460cf3ec4f796714a9212093e0d4d53de9e33bd87b"
      url: "https://pub.dev"
    source: hosted
    version: "2.0.0"
  http:
    dependency: "direct main"
    description:
      name: http
      sha256: "0a48a4e44ec1b6a52eb93b12d129f5b74ee6dbb27703439c965f1bd86f7be59f"
      url: "https://pub.dev"
    source: hosted
    version: "0.13.0"
  http_parser:
    dependency: transitive
    description:
      name: http_parser
      sha256: e362d639ba3bc07d5a71faebb98cde68c05bfbcfbbb444b60b6f60bb67719185
      url: "https://pub.dev"
    source: hosted
    version: "4.0.0"
  image:
    dependency: transitive
    description:
      name: image
      sha256: a15291ec6246accc67bc3e4272bb1e63d09d4b6562a0cac5fa6a703f2059a9eb
      url: "https://pub.dev"
    source: hosted
    version: "3.0.1"
  image_picker:
    dependency: "direct main"
    description:
      name: image_picker
      sha256: "93aa7ada3850c83e101b89e72ac4c80fd01f9b6e080996c4682029e4b1cbdd34"
      url: "https://pub.dev"
    source: hosted
    version: "0.8.2"
  image_picker_for_web:
    dependency: transitive
    description:
      name: image_picker_for_web
      sha256: "869fe8a64771b7afbc99fc433a5f7be2fea4d1cb3d7c11a48b6b579eb9c797f0"
      url: "https://pub.dev"
    source: hosted
    version: "2.2.0"
  image_picker_platform_interface:
    dependency: transitive
    description:
      name: image_picker_platform_interface
      sha256: ed9b00e63977c93b0d2d2b343685bed9c324534ba5abafbb3dfbd6a780b1b514
      url: "https://pub.dev"
    source: hosted
    version: "2.9.1"
  intl:
    dependency: "direct main"
    description:
      name: intl
      sha256: "910f85bce16fb5c6f614e117efa303e85a1731bb0081edf3604a2ae6e9a3cc91"
      url: "https://pub.dev"
    source: hosted
    version: "0.17.0"
  js:
    dependency: transitive
    description:
      name: js
      sha256: "5528c2f391ededb7775ec1daa69e65a2d61276f7552de2b5f7b8d34ee9fd4ab7"
      url: "https://pub.dev"
    source: hosted
    version: "0.6.5"
  jwt_decode:
    dependency: "direct main"
    description:
      name: jwt_decode
      sha256: d2e9f68c052b2225130977429d30f187aa1981d789c76ad104a32243cfdebfbb
      url: "https://pub.dev"
    source: hosted
    version: "0.3.1"
  matcher:
    dependency: transitive
    description:
      name: matcher
      sha256: "16db949ceee371e9b99d22f88fa3a73c4e59fd0afed0bd25fc336eb76c198b72"
      url: "https://pub.dev"
    source: hosted
    version: "0.12.13"
  material_color_utilities:
    dependency: transitive
    description:
      name: material_color_utilities
      sha256: d92141dc6fe1dad30722f9aa826c7fbc896d021d792f80678280601aff8cf724
      url: "https://pub.dev"
    source: hosted
    version: "0.2.0"
  meta:
    dependency: transitive
    description:
      name: meta
      sha256: "6c268b42ed578a53088d834796959e4a1814b5e9e164f147f580a386e5decf42"
      url: "https://pub.dev"
    source: hosted
    version: "1.8.0"
  mime:
    dependency: transitive
    description:
      name: mime
      sha256: e4ff8e8564c03f255408decd16e7899da1733852a9110a58fe6d1b817684a63e
      url: "https://pub.dev"
    source: hosted
    version: "1.0.4"
  path:
    dependency: transitive
    description:
      name: path
      sha256: db9d4f58c908a4ba5953fcee2ae317c94889433e5024c27ce74a37f94267945b
      url: "https://pub.dev"
    source: hosted
    version: "1.8.2"
  path_provider:
    dependency: "direct main"
    description:
      name: path_provider
      sha256: "3087813781ab814e4157b172f1a11c46be20179fcc9bea043e0fba36bc0acaa2"
      url: "https://pub.dev"
    source: hosted
    version: "2.0.15"
  path_provider_android:
    dependency: transitive
    description:
      name: path_provider_android
      sha256: c30ec35295c931e742ab50e419f37421e359e6731f0edd05f837ba850a20023c
      url: "https://pub.dev"
    source: hosted
    version: "2.0.6"
  path_provider_foundation:
    dependency: transitive
    description:
      name: path_provider_foundation
      sha256: "62a68e7e1c6c459f9289859e2fae58290c981ce21d1697faf54910fe1faa4c74"
      url: "https://pub.dev"
    source: hosted
    version: "2.1.1"
  path_provider_linux:
    dependency: transitive
    description:
      name: path_provider_linux
      sha256: f8d4b3ba360fb5d3517b1dcbb8695d242a8ab4cf6483b46b961c2257da948c93
      url: "https://pub.dev"
    source: hosted
    version: "2.0.2"
  path_provider_platform_interface:
    dependency: transitive
    description:
      name: path_provider_platform_interface
      sha256: c2af5a8a6369992d915f8933dfc23172071001359d17896e83db8be57db8a397
      url: "https://pub.dev"
    source: hosted
    version: "2.0.1"
  path_provider_windows:
    dependency: transitive
    description:
      name: path_provider_windows
      sha256: "067e20d6d356f05a75eb9d563c2c0dcbb1889053e72dc2c53187668ac39da511"
      url: "https://pub.dev"
    source: hosted
    version: "2.0.3"
  pedantic:
    dependency: transitive
    description:
      name: pedantic
      sha256: "207f9260c7a46946d09619b5ba1caf1fd50faf10fe3bae0176c626dceac5193d"
      url: "https://pub.dev"
    source: hosted
    version: "1.10.0"
  petitparser:
    dependency: transitive
    description:
      name: petitparser
      sha256: "3aac98525056d0ae4b397245d9523e51f3326b8fcd83d14bdd186435c6ec4b77"
      url: "https://pub.dev"
    source: hosted
    version: "4.0.0"
  platform:
    dependency: transitive
    description:
      name: platform
      sha256: "0a279f0707af40c890e80b1e9df8bb761694c074ba7e1d4ab1bc4b728e200b59"
      url: "https://pub.dev"
    source: hosted
    version: "3.1.3"
  plugin_platform_interface:
    dependency: transitive
    description:
      name: plugin_platform_interface
      sha256: da3fdfeccc4d4ff2da8f8c556704c08f912542c5fb3cf2233ed75372384a034d
      url: "https://pub.dev"
    source: hosted
    version: "2.1.6"
  pointycastle:
    dependency: transitive
    description:
      name: pointycastle
      sha256: a74ed4039c152dd319514f142768d93ad3973860b240d90160cec727c8155f65
      url: "https://pub.dev"
    source: hosted
    version: "3.0.1"
  process:
    dependency: transitive
    description:
      name: process
      sha256: "7009fcaa731943cfd124f11e23428bf9ceb38f08df079fb79c915fa726a5a739"
      url: "https://pub.dev"
    source: hosted
    version: "4.0.0"
  remove_emoji:
    dependency: "direct main"
    description:
      name: remove_emoji
      sha256: "7b791816631e8539c94d1e4d8871f7f2ca8c4f2f6291554cd995d9fc558997cc"
      url: "https://pub.dev"
    source: hosted
    version: "0.0.5"
  search_choices:
    dependency: "direct main"
    description:
      name: search_choices
      sha256: "4c379407ea642613669f788ec9b41cfb156f55800e8f69c727478c37db025c47"
      url: "https://pub.dev"
    source: hosted
    version: "2.2.5"
  sky_engine:
    dependency: transitive
    description: flutter
    source: sdk
    version: "0.0.99"
  smooth_star_rating:
    dependency: "direct main"
    description:
      name: smooth_star_rating
      sha256: "32e1b4bf14b702018e6ee32fabc6768be46a686136bfb248d980c4bd6fca72af"
      url: "https://pub.dev"
    source: hosted
    version: "1.1.1"
  source_span:
    dependency: transitive
    description:
      name: source_span
      sha256: dd904f795d4b4f3b870833847c461801f6750a9fa8e61ea5ac53f9422b31f250
      url: "https://pub.dev"
    source: hosted
    version: "1.9.1"
  stack_trace:
    dependency: transitive
    description:
      name: stack_trace
      sha256: c3c7d8edb15bee7f0f74debd4b9c5f3c2ea86766fe4178eb2a18eb30a0bdaed5
      url: "https://pub.dev"
    source: hosted
    version: "1.11.0"
  states_rebuilder:
    dependency: transitive
    description:
      name: states_rebuilder
      sha256: f5bcf58d6ce65a1de1acfaeb4488cd58faeb22ee612faee4c37c5053d0bc3583
      url: "https://pub.dev"
    source: hosted
    version: "4.0.0"
  stream_channel:
    dependency: transitive
    description:
      name: stream_channel
      sha256: "83615bee9045c1d322bbbd1ba209b7a749c2cbcdcb3fdd1df8eb488b3279c1c8"
      url: "https://pub.dev"
    source: hosted
    version: "2.1.1"
  stream_transform:
    dependency: transitive
    description:
      name: stream_transform
      sha256: ed464977cb26a1f41537e177e190c67223dbd9f4f683489b6ab2e5d211ec564e
      url: "https://pub.dev"
    source: hosted
    version: "2.0.0"
  string_scanner:
    dependency: transitive
    description:
      name: string_scanner
      sha256: "556692adab6cfa87322a115640c11f13cb77b3f076ddcc5d6ae3c20242bedcde"
      url: "https://pub.dev"
    source: hosted
    version: "1.2.0"
  term_glyph:
    dependency: transitive
    description:
      name: term_glyph
      sha256: a29248a84fbb7c79282b40b8c72a1209db169a2e0542bce341da992fe1bc7e84
      url: "https://pub.dev"
    source: hosted
    version: "1.2.1"
  test_api:
    dependency: transitive
    description:
      name: test_api
      sha256: ad540f65f92caa91bf21dfc8ffb8c589d6e4dc0c2267818b4cc2792857706206
      url: "https://pub.dev"
    source: hosted
    version: "0.4.16"
  typed_data:
    dependency: transitive
    description:
      name: typed_data
      sha256: "53bdf7e979cfbf3e28987552fd72f637e63f3c8724c9e56d9246942dc2fa36ee"
      url: "https://pub.dev"
    source: hosted
    version: "1.3.0"
  vector_math:
    dependency: transitive
    description:
      name: vector_math
      sha256: "80b3257d1492ce4d091729e3a67a60407d227c27241d6927be0130c98e741803"
      url: "https://pub.dev"
    source: hosted
    version: "2.1.4"
  velocity_x:
    dependency: "direct main"
    description:
      name: velocity_x
      sha256: a7a04dc538a43f2fc33f25fc22daedb163fe9af7a2ca8e2ae0fa0d6759066f66
      url: "https://pub.dev"
    source: hosted
    version: "3.0.0"
  vxstate:
    dependency: transitive
    description:
      name: vxstate
      sha256: "7b79f7bf98bd657e7ceba26673a7576e45f4346bf80db27706a10067aa18356e"
      url: "https://pub.dev"
    source: hosted
    version: "2.0.1"
  webview_flutter:
    dependency: "direct main"
    description:
      name: webview_flutter
      sha256: "1d316478c78e3d334e2644f7fb93caf350aea6c6b9f6e417b10bbf21c8ab63d3"
      url: "https://pub.dev"
    source: hosted
    version: "2.0.0"
  win32:
    dependency: transitive
    description:
      name: win32
      sha256: c6a3f4e4058b70b46e27b2935de2d1562c50680e7fb44833911d981db73826c2
      url: "https://pub.dev"
    source: hosted
    version: "2.0.0"
  xdg_directories:
    dependency: transitive
    description:
      name: xdg_directories
      sha256: "0186b3f2d66be9a12b0295bddcf8b6f8c0b0cc2f85c6287344e2a6366bc28457"
      url: "https://pub.dev"
    source: hosted
    version: "0.2.0"
  xml:
    dependency: transitive
    description:
      name: xml
      sha256: "583426a617c5423a6863a23b6e6cc676f0a0174c38f4fd36de9c6895237ab77f"
      url: "https://pub.dev"
    source: hosted
    version: "5.0.0"
  yaml:
    dependency: transitive
    description:
      name: yaml
      sha256: "252eb4c4d54f384c9fee16795f3d7381b037c53261aa1772dc43b71133581e41"
      url: "https://pub.dev"
    source: hosted
    version: "3.0.0"
sdks:
  dart: ">=2.19.0 <3.0.0"
  flutter: ">=3.7.0"
